{
  "name": "app",
  "lockfileVersion": 3,
  "requires": true,
  "packages": {
    "": {
      "name": "app",
      "devDependencies": {
        "@editorjs/header": "^2.8.7",
        "@editorjs/paragraph": "^2.11.6",
        "kill-port": "^2.0.1",
        "prettier": "^3.1.0",
        "turbo": "^2.0.3"
      },
      "engines": {
        "node": ">=18"
      }
    },
    "node_modules/@codexteam/icons": {
      "version": "0.0.5",
      "resolved": "https://registry.npmjs.org/@codexteam/icons/-/icons-0.0.5.tgz",
      "integrity": "sha512-s6H2KXhLz2rgbMZSkRm8dsMJvyUNZsEjxobBEg9ztdrb1B2H3pEzY6iTwI4XUPJWJ3c3qRKwV4TrO3J5jUdoQA==",
      "dev": true
    },
    "node_modules/@editorjs/editorjs": {
      "version": "2.30.5",
      "resolved": "https://registry.npmjs.org/@editorjs/editorjs/-/editorjs-2.30.5.tgz",
      "integrity": "sha512-sE7m/UPbuf+nSGjv9cmWggFsfvtYlgEX7PCby2lZWvOsOLbRxuLT+ZYlwbWshD+8BFJwiAmBj9e+ScZcOjCzeg==",
      "dev": true
    },
    "node_modules/@editorjs/header": {
      "version": "2.8.7",
      "resolved": "https://registry.npmjs.org/@editorjs/header/-/header-2.8.7.tgz",
      "integrity": "sha512-rfxzYFR/Jhaocj3Xxx8XjEjyzfPbBIVkcPZ9Uy3rEz1n3ewhV0V4zwuxCjVfFhLUVgQQExq43BxJnTNlLOzqDQ==",
      "dev": true,
      "dependencies": {
        "@codexteam/icons": "^0.0.5",
        "@editorjs/editorjs": "^2.29.1"
      }
    },
    "node_modules/@editorjs/paragraph": {
      "version": "2.11.6",
      "resolved": "https://registry.npmjs.org/@editorjs/paragraph/-/paragraph-2.11.6.tgz",
      "integrity": "sha512-i9B50Ylvh+0ZzUGWIba09PfUXsA00Y//zFZMwqsyaXXKxMluSIJ6ADFJbbK0zaV9Ijx49Xocrlg+CEPRqATk9w==",
      "dev": true,
      "dependencies": {
        "@codexteam/icons": "^0.0.4"
      }
    },
    "node_modules/@editorjs/paragraph/node_modules/@codexteam/icons": {
      "version": "0.0.4",
      "resolved": "https://registry.npmjs.org/@codexteam/icons/-/icons-0.0.4.tgz",
      "integrity": "sha512-V8N/TY2TGyas4wLrPIFq7bcow68b3gu8DfDt1+rrHPtXxcexadKauRJL6eQgfG7Z0LCrN4boLRawR4S9gjIh/Q==",
      "dev": true
    },
    "node_modules/get-them-args": {
      "version": "1.3.2",
      "resolved": "https://registry.npmjs.org/get-them-args/-/get-them-args-1.3.2.tgz",
      "integrity": "sha512-LRn8Jlk+DwZE4GTlDbT3Hikd1wSHgLMme/+7ddlqKd7ldwR6LjJgTVWzBnR01wnYGe4KgrXjg287RaI22UHmAw==",
      "dev": true
    },
    "node_modules/kill-port": {
      "version": "2.0.1",
      "resolved": "https://registry.npmjs.org/kill-port/-/kill-port-2.0.1.tgz",
      "integrity": "sha512-e0SVOV5jFo0mx8r7bS29maVWp17qGqLBZ5ricNSajON6//kmb7qqqNnml4twNE8Dtj97UQD+gNFOaipS/q1zzQ==",
      "dev": true,
      "dependencies": {
        "get-them-args": "1.3.2",
        "shell-exec": "1.0.2"
      },
      "bin": {
        "kill-port": "cli.js"
      }
    },
    "node_modules/prettier": {
      "version": "3.2.5",
      "resolved": "https://registry.npmjs.org/prettier/-/prettier-3.2.5.tgz",
      "integrity": "sha512-3/GWa9aOC0YeD7LUfvOG2NiDyhOWRvt1k+rcKhOuYnMY24iiCphgneUfJDyFXd6rZCAnuLBv6UeAULtrhT/F4A==",
      "dev": true,
      "bin": {
        "prettier": "bin/prettier.cjs"
      },
      "engines": {
        "node": ">=14"
      },
      "funding": {
        "url": "https://github.com/prettier/prettier?sponsor=1"
      }
    },
    "node_modules/shell-exec": {
      "version": "1.0.2",
      "resolved": "https://registry.npmjs.org/shell-exec/-/shell-exec-1.0.2.tgz",
      "integrity": "sha512-jyVd+kU2X+mWKMmGhx4fpWbPsjvD53k9ivqetutVW/BQ+WIZoDoP4d8vUMGezV6saZsiNoW2f9GIhg9Dondohg==",
      "dev": true
    },
    "node_modules/turbo": {
      "version": "2.0.14",
      "resolved": "https://registry.npmjs.org/turbo/-/turbo-2.0.14.tgz",
      "integrity": "sha512-00JjdCMD/cpsjP0Izkjcm8Oaor5yUCfDwODtaLb+WyblyadkaDEisGhy3Dbd5az9n+5iLSPiUgf+WjPbns6MRg==",
      "dev": true,
      "bin": {
        "turbo": "bin/turbo"
      },
      "optionalDependencies": {
        "turbo-darwin-64": "2.0.14",
        "turbo-darwin-arm64": "2.0.14",
        "turbo-linux-64": "2.0.14",
        "turbo-linux-arm64": "2.0.14",
        "turbo-windows-64": "2.0.14",
        "turbo-windows-arm64": "2.0.14"
      }
    },
    "node_modules/turbo-darwin-64": {
      "version": "2.0.14",
      "resolved": "https://registry.npmjs.org/turbo-darwin-64/-/turbo-darwin-64-2.0.14.tgz",
      "integrity": "sha512-kwfDmjNwlNfvtrvT29+ZBg5n1Wvxl891bFHchMJyzMoR0HOE9N1NSNdSZb9wG3e7sYNIu4uDkNk+VBEqJW0HzQ==",
      "cpu": [
        "x64"
      ],
      "dev": true,
      "optional": true,
      "os": [
        "darwin"
      ]
    },
    "node_modules/turbo-darwin-arm64": {
      "version": "2.0.14",
      "resolved": "https://registry.npmjs.org/turbo-darwin-arm64/-/turbo-darwin-arm64-2.0.14.tgz",
      "integrity": "sha512-m3LXYEshCx3wc4ZClM6gb01KYpFmtjQ9IBF3A7ofjb6ahux3xlYZJZ3uFCLAGHuvGLuJ3htfiPbwlDPTdknqqw==",
      "cpu": [
        "arm64"
      ],
      "dev": true,
      "optional": true,
      "os": [
        "darwin"
      ]
    },
    "node_modules/turbo-linux-64": {
      "version": "2.0.14",
      "resolved": "https://registry.npmjs.org/turbo-linux-64/-/turbo-linux-64-2.0.14.tgz",
      "integrity": "sha512-7vBzCPdoTtR92SNn2JMgj1FlMmyonGmpMaQdgAB1OVYtuQ6NVGoh7/lODfaILqXjpvmFSVbpBIDrKOT6EvcprQ==",
      "cpu": [
        "x64"
      ],
      "dev": true,
      "optional": true,
      "os": [
        "linux"
      ]
    },
    "node_modules/turbo-linux-arm64": {
      "version": "2.0.14",
      "resolved": "https://registry.npmjs.org/turbo-linux-arm64/-/turbo-linux-arm64-2.0.14.tgz",
      "integrity": "sha512-jwH+c0bfjpBf26K/tdEFatmnYyXwGROjbr6bZmNcL8R+IkGAc/cglL+OToqJnQZTgZvH7uDGbeSyUo7IsHyjuA==",
      "cpu": [
        "arm64"
      ],
      "dev": true,
      "optional": true,
      "os": [
        "linux"
      ]
    },
    "node_modules/turbo-windows-64": {
      "version": "2.0.14",
      "resolved": "https://registry.npmjs.org/turbo-windows-64/-/turbo-windows-64-2.0.14.tgz",
      "integrity": "sha512-w9/XwkHSzvLjmioo6cl3S1yRfI6swxsV1j1eJwtl66JM4/pn0H2rBa855R0n7hZnmI6H5ywLt/nLt6Ae8RTDmw==",
      "cpu": [
        "x64"
      ],
      "dev": true,
      "optional": true,
      "os": [
        "win32"
      ]
    },
    "node_modules/turbo-windows-arm64": {
      "version": "2.0.14",
      "resolved": "https://registry.npmjs.org/turbo-windows-arm64/-/turbo-windows-arm64-2.0.14.tgz",
      "integrity": "sha512-XaQlyYk+Rf4xS5XWCo8XCMIpssgGGy8blzLfolN6YBp4baElIWMlkLZHDbGyiFmCbNf9I9gJI64XGRG+LVyyjA==",
      "cpu": [
        "arm64"
      ],
      "dev": true,
      "optional": true,
      "os": [
        "win32"
      ]
    }
  }
}
