{
  "name": "app",
  "lockfileVersion": 3,
  "requires": true,
  "packages": {
    "": {
      "name": "app",
      "devDependencies": {
        "prettier": "^3.1.0",
        "turbo": "latest"
      },
      "engines": {
        "node": ">=18"
      }
    },
    "node_modules/prettier": {
      "version": "3.2.5",
      "resolved": "https://registry.npmjs.org/prettier/-/prettier-3.2.5.tgz",
      "integrity": "sha512-3/GWa9aOC0YeD7LUfvOG2NiDyhOWRvt1k+rcKhOuYnMY24iiCphgneUfJDyFXd6rZCAnuLBv6UeAULtrhT/F4A==",
      "dev": true,
      "bin": {
        "prettier": "bin/prettier.cjs"
      },
      "engines": {
        "node": ">=14"
      },
      "funding": {
        "url": "https://github.com/prettier/prettier?sponsor=1"
      }
    },
    "node_modules/turbo": {
      "version": "1.13.0",
      "resolved": "https://registry.npmjs.org/turbo/-/turbo-1.13.0.tgz",
      "integrity": "sha512-r02GtNmkOPcQvUzVE6lg474QVLyU02r3yh3lUGqrFHf5h5ZEjgDGWILsAUqplVqjri1Y/oOkTssks4CObTAaiw==",
      "dev": true,
      "bin": {
        "turbo": "bin/turbo"
      },
      "optionalDependencies": {
        "turbo-darwin-64": "1.13.0",
        "turbo-darwin-arm64": "1.13.0",
        "turbo-linux-64": "1.13.0",
        "turbo-linux-arm64": "1.13.0",
        "turbo-windows-64": "1.13.0",
        "turbo-windows-arm64": "1.13.0"
      }
    },
    "node_modules/turbo-darwin-64": {
      "version": "1.13.0",
      "resolved": "https://registry.npmjs.org/turbo-darwin-64/-/turbo-darwin-64-1.13.0.tgz",
      "integrity": "sha512-ctHeJXtQgBcgxnCXwrJTGiq57HtwF7zWz5NTuSv//5yeU01BtQIt62ArKfjudOhRefWJbX3Z5srn88XTb9hfww==",
      "cpu": [
        "x64"
      ],
      "dev": true,
      "optional": true,
      "os": [
        "darwin"
      ]
    },
    "node_modules/turbo-darwin-arm64": {
      "version": "1.13.0",
      "resolved": "https://registry.npmjs.org/turbo-darwin-arm64/-/turbo-darwin-arm64-1.13.0.tgz",
      "integrity": "sha512-/Q9/pNFkF9w83tNxwMpgapwLYdQ12p8mpty2YQRoUiS9ClWkcqe136jR0mtuMqzlNlpREOFZaoyIthjt6Sdo0g==",
      "cpu": [
        "arm64"
      ],
      "dev": true,
      "optional": true,
      "os": [
        "darwin"
      ]
    },
    "node_modules/turbo-linux-64": {
      "version": "1.13.0",
      "resolved": "https://registry.npmjs.org/turbo-linux-64/-/turbo-linux-64-1.13.0.tgz",
      "integrity": "sha512-hgbT7o020BGV4L7Sd8hhFTd5zVKPKxbsr0dPfel/9NkdTmptz2aGZ0Vb2MAa18SY3XaCQpDxmdYuOzvvRpo5ZA==",
      "cpu": [
        "x64"
      ],
      "dev": true,
      "optional": true,
      "os": [
        "linux"
      ]
    },
    "node_modules/turbo-linux-arm64": {
      "version": "1.13.0",
      "resolved": "https://registry.npmjs.org/turbo-linux-arm64/-/turbo-linux-arm64-1.13.0.tgz",
      "integrity": "sha512-WK01i2wDZARrV+HEs495A3hNeGMwQR5suYk7G+ceqqW7b+dOTlQdvUjnI3sg7wAnZPgjafFs/hoBaZdJjVa/nw==",
      "cpu": [
        "arm64"
      ],
      "dev": true,
      "optional": true,
      "os": [
        "linux"
      ]
    },
    "node_modules/turbo-windows-64": {
      "version": "1.13.0",
      "resolved": "https://registry.npmjs.org/turbo-windows-64/-/turbo-windows-64-1.13.0.tgz",
      "integrity": "sha512-hJgSZJZwlWHNwLEthaqJqJWGm4NqF5X/I7vE0sPE4i/jeDl8f0n1hcOkgJkJiNXVxhj+qy/9+4dzbPLKT9imaQ==",
      "cpu": [
        "x64"
      ],
      "dev": true,
      "optional": true,
      "os": [
        "win32"
      ]
    },
    "node_modules/turbo-windows-arm64": {
      "version": "1.13.0",
      "resolved": "https://registry.npmjs.org/turbo-windows-arm64/-/turbo-windows-arm64-1.13.0.tgz",
      "integrity": "sha512-L/ErxYoXeq8tmjU/AIGicC9VyBN1zdYw8JlM4yPmMI0pJdY8E4GaYK1IiIazqq7M72lmQhU/WW7fV9FqEktwrw==",
      "cpu": [
        "arm64"
      ],
      "dev": true,
      "optional": true,
      "os": [
        "win32"
      ]
    }
  }
}
